// !$*UTF8*$!
{
	archiveVersion = 1;
	classes = {
	};
	objectVersion = 46;
	objects = {

/* Begin PBXBuildFile section */
		43DD99AA1B1047E60039FA41 /* main.m in Sources */ = {isa = PBXBuildFile; fileRef = 43DD99A91B1047E60039FA41 /* main.m */; };
		43DD99AD1B1047E60039FA41 /* AppDelegate.m in Sources */ = {isa = PBXBuildFile; fileRef = 43DD99AC1B1047E60039FA41 /* AppDelegate.m */; };
		43DD99B01B1047E60039FA41 /* FirstViewController.m in Sources */ = {isa = PBXBuildFile; fileRef = 43DD99AF1B1047E60039FA41 /* FirstViewController.m */; };
		43DD99B31B1047E60039FA41 /* SecondViewController.m in Sources */ = {isa = PBXBuildFile; fileRef = 43DD99B21B1047E60039FA41 /* SecondViewController.m */; };
		43DD99B61B1047E60039FA41 /* Main.storyboard in Resources */ = {isa = PBXBuildFile; fileRef = 43DD99B41B1047E60039FA41 /* Main.storyboard */; };
		43DD99B81B1047E60039FA41 /* Images.xcassets in Resources */ = {isa = PBXBuildFile; fileRef = 43DD99B71B1047E60039FA41 /* Images.xcassets */; };
		43DD99BB1B1047E60039FA41 /* LaunchScreen.xib in Resources */ = {isa = PBXBuildFile; fileRef = 43DD99B91B1047E60039FA41 /* LaunchScreen.xib */; };
		43DD99C71B1047E60039FA41 /* intMateTests.m in Sources */ = {isa = PBXBuildFile; fileRef = 43DD99C61B1047E60039FA41 /* intMateTests.m */; };
/* End PBXBuildFile section */

/* Begin PBXContainerItemProxy section */
		43DD99C11B1047E60039FA41 /* PBXContainerItemProxy */ = {
			isa = PBXContainerItemProxy;
			containerPortal = 43DD999C1B1047E60039FA41 /* Project object */;
			proxyType = 1;
			remoteGlobalIDString = 43DD99A31B1047E60039FA41;
			remoteInfo = intMate;
		};
/* End PBXContainerItemProxy section */

/* Begin PBXFileReference section */
		43DD99A41B1047E60039FA41 /* intMate.app */ = {isa = PBXFileReference; explicitFileType = wrapper.application; includeInIndex = 0; path = intMate.app; sourceTree = BUILT_PRODUCTS_DIR; };
		43DD99A81B1047E60039FA41 /* Info.plist */ = {isa = PBXFileReference; lastKnownFileType = text.plist.xml; path = Info.plist; sourceTree = "<group>"; };
		43DD99A91B1047E60039FA41 /* main.m */ = {isa = PBXFileReference; lastKnownFileType = sourcecode.c.objc; path = main.m; sourceTree = "<group>"; };
		43DD99AB1B1047E60039FA41 /* AppDelegate.h */ = {isa = PBXFileReference; lastKnownFileType = sourcecode.c.h; path = AppDelegate.h; sourceTree = "<group>"; };
		43DD99AC1B1047E60039FA41 /* AppDelegate.m */ = {isa = PBXFileReference; lastKnownFileType = sourcecode.c.objc; path = AppDelegate.m; sourceTree = "<group>"; };
		43DD99AE1B1047E60039FA41 /* FirstViewController.h */ = {isa = PBXFileReference; lastKnownFileType = sourcecode.c.h; path = FirstViewController.h; sourceTree = "<group>"; };
		43DD99AF1B1047E60039FA41 /* FirstViewController.m */ = {isa = PBXFileReference; lastKnownFileType = sourcecode.c.objc; path = FirstViewController.m; sourceTree = "<group>"; };
		43DD99B11B1047E60039FA41 /* SecondViewController.h */ = {isa = PBXFileReference; lastKnownFileType = sourcecode.c.h; path = SecondViewController.h; sourceTree = "<group>"; };
		43DD99B21B1047E60039FA41 /* SecondViewController.m */ = {isa = PBXFileReference; lastKnownFileType = sourcecode.c.objc; path = SecondViewController.m; sourceTree = "<group>"; };
		43DD99B51B1047E60039FA41 /* Base */ = {isa = PBXFileReference; lastKnownFileType = file.storyboard; name = Base; path = Base.lproj/Main.storyboard; sourceTree = "<group>"; };
		43DD99B71B1047E60039FA41 /* Images.xcassets */ = {isa = PBXFileReference; lastKnownFileType = folder.assetcatalog; path = Images.xcassets; sourceTree = "<group>"; };
		43DD99BA1B1047E60039FA41 /* Base */ = {isa = PBXFileReference; lastKnownFileType = file.xib; name = Base; path = Base.lproj/LaunchScreen.xib; sourceTree = "<group>"; };
		43DD99C01B1047E60039FA41 /* intMateTests.xctest */ = {isa = PBXFileReference; explicitFileType = wrapper.cfbundle; includeInIndex = 0; path = intMateTests.xctest; sourceTree = BUILT_PRODUCTS_DIR; };
		43DD99C51B1047E60039FA41 /* Info.plist */ = {isa = PBXFileReference; lastKnownFileType = text.plist.xml; path = Info.plist; sourceTree = "<group>"; };
		43DD99C61B1047E60039FA41 /* intMateTests.m */ = {isa = PBXFileReference; lastKnownFileType = sourcecode.c.objc; path = intMateTests.m; sourceTree = "<group>"; };
/* End PBXFileReference section */

/* Begin PBXFrameworksBuildPhase section */
		43DD99A11B1047E60039FA41 /* Frameworks */ = {
			isa = PBXFrameworksBuildPhase;
			buildActionMask = 2147483647;
			files = (
			);
			runOnlyForDeploymentPostprocessing = 0;
		};
		43DD99BD1B1047E60039FA41 /* Frameworks */ = {
			isa = PBXFrameworksBuildPhase;
			buildActionMask = 2147483647;
			files = (
			);
			runOnlyForDeploymentPostprocessing = 0;
		};
/* End PBXFrameworksBuildPhase section */

/* Begin PBXGroup section */
		43DD999B1B1047E60039FA41 = {
			isa = PBXGroup;
			children = (
				43DD99A61B1047E60039FA41 /* intMate */,
				43DD99C31B1047E60039FA41 /* intMateTests */,
				43DD99A51B1047E60039FA41 /* Products */,
			);
			sourceTree = "<group>";
		};
		43DD99A51B1047E60039FA41 /* Products */ = {
			isa = PBXGroup;
			children = (
				43DD99A41B1047E60039FA41 /* intMate.app */,
				43DD99C01B1047E60039FA41 /* intMateTests.xctest */,
			);
			name = Products;
			sourceTree = "<group>";
		};
		43DD99A61B1047E60039FA41 /* intMate */ = {
			isa = PBXGroup;
			children = (
				43DD99AB1B1047E60039FA41 /* AppDelegate.h */,
				43DD99AC1B1047E60039FA41 /* AppDelegate.m */,
				43DD99AE1B1047E60039FA41 /* FirstViewController.h */,
				43DD99AF1B1047E60039FA41 /* FirstViewController.m */,
				43DD99B11B1047E60039FA41 /* SecondViewController.h */,
				43DD99B21B1047E60039FA41 /* SecondViewController.m */,
				43DD99B41B1047E60039FA41 /* Main.storyboard */,
				43DD99B71B1047E60039FA41 /* Images.xcassets */,
				43DD99B91B1047E60039FA41 /* LaunchScreen.xib */,
				43DD99A71B1047E60039FA41 /* Supporting Files */,
			);
			path = intMate;
			sourceTree = "<group>";
		};
		43DD99A71B1047E60039FA41 /* Supporting Files */ = {
			isa = PBXGroup;
			children = (
				43DD99A81B1047E60039FA41 /* Info.plist */,
				43DD99A91B1047E60039FA41 /* main.m */,
			);
			name = "Supporting Files";
			sourceTree = "<group>";
		};
		43DD99C31B1047E60039FA41 /* intMateTests */ = {
			isa = PBXGroup;
			children = (
				43DD99C61B1047E60039FA41 /* intMateTests.m */,
				43DD99C41B1047E60039FA41 /* Supporting Files */,
			);
			path = intMateTests;
			sourceTree = "<group>";
		};
		43DD99C41B1047E60039FA41 /* Supporting Files */ = {
			isa = PBXGroup;
			children = (
				43DD99C51B1047E60039FA41 /* Info.plist */,
			);
			name = "Supporting Files";
			sourceTree = "<group>";
		};
/* End PBXGroup section */

/* Begin PBXNativeTarget section */
		43DD99A31B1047E60039FA41 /* intMate */ = {
			isa = PBXNativeTarget;
			buildConfigurationList = 43DD99CA1B1047E60039FA41 /* Build configuration list for PBXNativeTarget "intMate" */;
			buildPhases = (
				43DD99A01B1047E60039FA41 /* Sources */,
				43DD99A11B1047E60039FA41 /* Frameworks */,
				43DD99A21B1047E60039FA41 /* Resources */,
			);
			buildRules = (
			);
			dependencies = (
			);
			name = intMate;
			productName = intMate;
			productReference = 43DD99A41B1047E60039FA41 /* intMate.app */;
			productType = "com.apple.product-type.application";
		};
		43DD99BF1B1047E60039FA41 /* intMateTests */ = {
			isa = PBXNativeTarget;
			buildConfigurationList = 43DD99CD1B1047E60039FA41 /* Build configuration list for PBXNativeTarget "intMateTests" */;
			buildPhases = (
				43DD99BC1B1047E60039FA41 /* Sources */,
				43DD99BD1B1047E60039FA41 /* Frameworks */,
				43DD99BE1B1047E60039FA41 /* Resources */,
			);
			buildRules = (
			);
			dependencies = (
				43DD99C21B1047E60039FA41 /* PBXTargetDependency */,
			);
			name = intMateTests;
			productName = intMateTests;
			productReference = 43DD99C01B1047E60039FA41 /* intMateTests.xctest */;
			productType = "com.apple.product-type.bundle.unit-test";
		};
/* End PBXNativeTarget section */

/* Begin PBXProject section */
		43DD999C1B1047E60039FA41 /* Project object */ = {
			isa = PBXProject;
			attributes = {
				LastUpgradeCheck = 0630;
				ORGANIZATIONNAME = "Hardik Idnani";
				TargetAttributes = {
					43DD99A31B1047E60039FA41 = {
						CreatedOnToolsVersion = 6.3.2;
					};
					43DD99BF1B1047E60039FA41 = {
						CreatedOnToolsVersion = 6.3.2;
						TestTargetID = 43DD99A31B1047E60039FA41;
					};
				};
			};
			buildConfigurationList = 43DD999F1B1047E60039FA41 /* Build configuration list for PBXProject "intMate" */;
			compatibilityVersion = "Xcode 3.2";
			developmentRegion = English;
			hasScannedForEncodings = 0;
			knownRegions = (
				en,
				Base,
			);
			mainGroup = 43DD999B1B1047E60039FA41;
			productRefGroup = 43DD99A51B1047E60039FA41 /* Products */;
			projectDirPath = "";
			projectRoot = "";
			targets = (
				43DD99A31B1047E60039FA41 /* intMate */,
				43DD99BF1B1047E60039FA41 /* intMateTests */,
			);
		};
/* End PBXProject section */

/* Begin PBXResourcesBuildPhase section */
		43DD99A21B1047E60039FA41 /* Resources */ = {
			isa = PBXResourcesBuildPhase;
			buildActionMask = 2147483647;
			files = (
				43DD99B61B1047E60039FA41 /* Main.storyboard in Resources */,
				43DD99BB1B1047E60039FA41 /* LaunchScreen.xib in Resources */,
				43DD99B81B1047E60039FA41 /* Images.xcassets in Resources */,
			);
			runOnlyForDeploymentPostprocessing = 0;
		};
		43DD99BE1B1047E60039FA41 /* Resources */ = {
			isa = PBXResourcesBuildPhase;
			buildActionMask = 2147483647;
			files = (
			);
			runOnlyForDeploymentPostprocessing = 0;
		};
/* End PBXResourcesBuildPhase section */

/* Begin PBXSourcesBuildPhase section */
		43DD99A01B1047E60039FA41 /* Sources */ = {
			isa = PBXSourcesBuildPhase;
			buildActionMask = 2147483647;
			files = (
				43DD99B31B1047E60039FA41 /* SecondViewController.m in Sources */,
				43DD99AD1B1047E60039FA41 /* AppDelegate.m in Sources */,
				43DD99B01B1047E60039FA41 /* FirstViewController.m in Sources */,
				43DD99AA1B1047E60039FA41 /* main.m in Sources */,
			);
			runOnlyForDeploymentPostprocessing = 0;
		};
		43DD99BC1B1047E60039FA41 /* Sources */ = {
			isa = PBXSourcesBuildPhase;
			buildActionMask = 2147483647;
			files = (
				43DD99C71B1047E60039FA41 /* intMateTests.m in Sources */,
			);
			runOnlyForDeploymentPostprocessing = 0;
		};
/* End PBXSourcesBuildPhase section */

/* Begin PBXTargetDependency section */
		43DD99C21B1047E60039FA41 /* PBXTargetDependency */ = {
			isa = PBXTargetDependency;
			target = 43DD99A31B1047E60039FA41 /* intMate */;
			targetProxy = 43DD99C11B1047E60039FA41 /* PBXContainerItemProxy */;
		};
/* End PBXTargetDependency section */

/* Begin PBXVariantGroup section */
		43DD99B41B1047E60039FA41 /* Main.storyboard */ = {
			isa = PBXVariantGroup;
			children = (
				43DD99B51B1047E60039FA41 /* Base */,
			);
			name = Main.storyboard;
			sourceTree = "<group>";
		};
		43DD99B91B1047E60039FA41 /* LaunchScreen.xib */ = {
			isa = PBXVariantGroup;
			children = (
				43DD99BA1B1047E60039FA41 /* Base */,
			);
			name = LaunchScreen.xib;
			sourceTree = "<group>";
		};
/* End PBXVariantGroup section */

/* Begin XCBuildConfiguration section */
		43DD99C81B1047E60039FA41 /* Debug */ = {
			isa = XCBuildConfiguration;
			buildSettings = {
				ALWAYS_SEARCH_USER_PATHS = NO;
				CLANG_CXX_LANGUAGE_STANDARD = "gnu++0x";
				CLANG_CXX_LIBRARY = "libc++";
				CLANG_ENABLE_MODULES = YES;
				CLANG_ENABLE_OBJC_ARC = YES;
				CLANG_WARN_BOOL_CONVERSION = YES;
				CLANG_WARN_CONSTANT_CONVERSION = YES;
				CLANG_WARN_DIRECT_OBJC_ISA_USAGE = YES_ERROR;
				CLANG_WARN_EMPTY_BODY = YES;
				CLANG_WARN_ENUM_CONVERSION = YES;
				CLANG_WARN_INT_CONVERSION = YES;
				CLANG_WARN_OBJC_ROOT_CLASS = YES_ERROR;
				CLANG_WARN_UNREACHABLE_CODE = YES;
				CLANG_WARN__DUPLICATE_METHOD_MATCH = YES;
				"CODE_SIGN_IDENTITY[sdk=iphoneos*]" = "iPhone Developer";
				COPY_PHASE_STRIP = NO;
				DEBUG_INFORMATION_FORMAT = "dwarf-with-dsym";
				ENABLE_STRICT_OBJC_MSGSEND = YES;
				GCC_C_LANGUAGE_STANDARD = gnu99;
				GCC_DYNAMIC_NO_PIC = NO;
				GCC_NO_COMMON_BLOCKS = YES;
				GCC_OPTIMIZATION_LEVEL = 0;
				GCC_PREPROCESSOR_DEFINITIONS = (
					"DEBUG=1",
					"$(inherited)",
				);
				GCC_SYMBOLS_PRIVATE_EXTERN = NO;
				GCC_WARN_64_TO_32_BIT_CONVERSION = YES;
				GCC_WARN_ABOUT_RETURN_TYPE = YES_ERROR;
				GCC_WARN_UNDECLARED_SELECTOR = YES;
				GCC_WARN_UNINITIALIZED_AUTOS = YES_AGGRESSIVE;
				GCC_WARN_UNUSED_FUNCTION = YES;
				GCC_WARN_UNUSED_VARIABLE = YES;
				IPHONEOS_DEPLOYMENT_TARGET = 8.3;
				MTL_ENABLE_DEBUG_INFO = YES;
				ONLY_ACTIVE_ARCH = YES;
				SDKROOT = iphoneos;
			};
			name = Debug;
		};
		43DD99C91B1047E60039FA41 /* Release */ = {
			isa = XCBuildConfiguration;
			buildSettings = {
				ALWAYS_SEARCH_USER_PATHS = NO;
				CLANG_CXX_LANGUAGE_STANDARD = "gnu++0x";
				CLANG_CXX_LIBRARY = "libc++";
				CLANG_ENABLE_MODULES = YES;
				CLANG_ENABLE_OBJC_ARC = YES;
				CLANG_WARN_BOOL_CONVERSION = YES;
				CLANG_WARN_CONSTANT_CONVERSION = YES;
				CLANG_WARN_DIRECT_OBJC_ISA_USAGE = YES_ERROR;
				CLANG_WARN_EMPTY_BODY = YES;
				CLANG_WARN_ENUM_CONVERSION = YES;
				CLANG_WARN_INT_CONVERSION = YES;
				CLANG_WARN_OBJC_ROOT_CLASS = YES_ERROR;
				CLANG_WARN_UNREACHABLE_CODE = YES;
				CLANG_WARN__DUPLICATE_METHOD_MATCH = YES;
				"CODE_SIGN_IDENTITY[sdk=iphoneos*]" = "iPhone Developer";
				COPY_PHASE_STRIP = NO;
				DEBUG_INFORMATION_FORMAT = "dwarf-with-dsym";
				ENABLE_NS_ASSERTIONS = NO;
				ENABLE_STRICT_OBJC_MSGSEND = YES;
				GCC_C_LANGUAGE_STANDARD = gnu99;
				GCC_NO_COMMON_BLOCKS = YES;
				GCC_WARN_64_TO_32_BIT_CONVERSION = YES;
				GCC_WARN_ABOUT_RETURN_TYPE = YES_ERROR;
				GCC_WARN_UNDECLARED_SELECTOR = YES;
				GCC_WARN_UNINITIALIZED_AUTOS = YES_AGGRESSIVE;
				GCC_WARN_UNUSED_FUNCTION = YES;
				GCC_WARN_UNUSED_VARIABLE = YES;
				IPHONEOS_DEPLOYMENT_TARGET = 8.3;
				MTL_ENABLE_DEBUG_INFO = NO;
				SDKROOT = iphoneos;
				VALIDATE_PRODUCT = YES;
			};
			name = Release;
		};
		43DD99CB1B1047E60039FA41 /* Debug */ = {
			isa = XCBuildConfiguration;
			buildSettings = {
				ASSETCATALOG_COMPILER_APPICON_NAME = AppIcon;
				INFOPLIST_FILE = intMate/Info.plist;
				LD_RUNPATH_SEARCH_PATHS = "$(inherited) @executable_path/Frameworks";
				PRODUCT_NAME = "$(TARGET_NAME)";
			};
			name = Debug;
		};
		43DD99CC1B1047E60039FA41 /* Release */ = {
			isa = XCBuildConfiguration;
			buildSettings = {
				ASSETCATALOG_COMPILER_APPICON_NAME = AppIcon;
				INFOPLIST_FILE = intMate/Info.plist;
				LD_RUNPATH_SEARCH_PATHS = "$(inherited) @executable_path/Frameworks";
				PRODUCT_NAME = "$(TARGET_NAME)";
			};
			name = Release;
		};
		43DD99CE1B1047E60039FA41 /* Debug */ = {
			isa = XCBuildConfiguration;
			buildSettings = {
				BUNDLE_LOADER = "$(TEST_HOST)";
				FRAMEWORK_SEARCH_PATHS = (
					"$(SDKROOT)/Developer/Library/Frameworks",
					"$(inherited)",
				);
				GCC_PREPROCESSOR_DEFINITIONS = (
					"DEBUG=1",
					"$(inherited)",
				);
				INFOPLIST_FILE = intMateTests/Info.plist;
				LD_RUNPATH_SEARCH_PATHS = "$(inherited) @executable_path/Frameworks @loader_path/Frameworks";
				PRODUCT_NAME = "$(TARGET_NAME)";
				TEST_HOST = "$(BUILT_PRODUCTS_DIR)/intMate.app/intMate";
			};
			name = Debug;
		};
		43DD99CF1B1047E60039FA41 /* Release */ = {
			isa = XCBuildConfiguration;
			buildSettings = {
				BUNDLE_LOADER = "$(TEST_HOST)";
				FRAMEWORK_SEARCH_PATHS = (
					"$(SDKROOT)/Developer/Library/Frameworks",
					"$(inherited)",
				);
				INFOPLIST_FILE = intMateTests/Info.plist;
				LD_RUNPATH_SEARCH_PATHS = "$(inherited) @executable_path/Frameworks @loader_path/Frameworks";
				PRODUCT_NAME = "$(TARGET_NAME)";
				TEST_HOST = "$(BUILT_PRODUCTS_DIR)/intMate.app/intMate";
			};
			name = Release;
		};
/* End XCBuildConfiguration section */

/* Begin XCConfigurationList section */
		43DD999F1B1047E60039FA41 /* Build configuration list for PBXProject "intMate" */ = {
			isa = XCConfigurationList;
			buildConfigurations = (
				43DD99C81B1047E60039FA41 /* Debug */,
				43DD99C91B1047E60039FA41 /* Release */,
			);
			defaultConfigurationIsVisible = 0;
			defaultConfigurationName = Release;
		};
		43DD99CA1B1047E60039FA41 /* Build configuration list for PBXNativeTarget "intMate" */ = {
			isa = XCConfigurationList;
			buildConfigurations = (
				43DD99CB1B1047E60039FA41 /* Debug */,
				43DD99CC1B1047E60039FA41 /* Release */,
			);
			defaultConfigurationIsVisible = 0;
		};
		43DD99CD1B1047E60039FA41 /* Build configuration list for PBXNativeTarget "intMateTests" */ = {
			isa = XCConfigurationList;
			buildConfigurations = (
				43DD99CE1B1047E60039FA41 /* Debug */,
				43DD99CF1B1047E60039FA41 /* Release */,
			);
			defaultConfigurationIsVisible = 0;
		};
/* End XCConfigurationList section */
	};
	rootObject = 43DD999C1B1047E60039FA41 /* Project object */;
}
